
Microsoft Visual Studio Solution File, Format Version 12.00
# Visual Studio Version 17
VisualStudioVersion = 17.10.35707.196
MinimumVisualStudioVersion = 10.0.40219.1
Project("{2150E333-8FDC-42A3-9474-1A3956D46DE8}") = "src", "src", "{B0F7A585-2695-46FA-A746-CC630A27D637}"
EndProject
Project("{2150E333-8FDC-42A3-9474-1A3956D46DE8}") = "01-Domain", "01-Domain", "{8C66D040-DED6-4C8E-98FF-5D0E63906620}"
EndProject
Project("{2150E333-8FDC-42A3-9474-1A3956D46DE8}") = "02-Infrastructures", "02-Infrastructures", "{35B7A2D0-CB53-4B67-B9A3-CDDB0702DFF4}"
EndProject
Project("{2150E333-8FDC-42A3-9474-1A3956D46DE8}") = "03-EndPoints", "03-EndPoints", "{BCC9D4AB-5580-4460-ABC4-3A3377C8402D}"
EndProject
Project("{2150E333-8FDC-42A3-9474-1A3956D46DE8}") = "Core", "Core", "{07388D31-9F6F-4C99-BFAE-5DB4958C27EA}"
EndProject
Project("{2150E333-8FDC-42A3-9474-1A3956D46DE8}") = "Services", "Services", "{AF743D1B-DB6E-484E-9BDC-59523E8F7434}"
EndProject
Project("{2150E333-8FDC-42A3-9474-1A3956D46DE8}") = "DataAccess", "DataAccess", "{84EC7D69-B240-4DE0-90A6-430EEA5CC01C}"
EndProject
Project("{2150E333-8FDC-42A3-9474-1A3956D46DE8}") = "Db", "Db", "{E7908870-F7C4-4D58-AC04-5217B0F9E0AC}"
EndProject
Project("{FAE04EC0-301F-11D3-BF4B-00C04F79EFBC}") = "App.Domain.Core", "App.Domain.Core\App.Domain.Core.csproj", "{251CF542-3288-47B3-ADF6-6D71BFB9789D}"
EndProject
Project("{FAE04EC0-301F-11D3-BF4B-00C04F79EFBC}") = "App.Infra.Data.Repos.Ef", "App.Infra.Data.Repos.Ef\App.Infra.Data.Repos.Ef.csproj", "{75A54E9B-35B8-4A64-8DBE-E3299D752A33}"
EndProject
Project("{FAE04EC0-301F-11D3-BF4B-00C04F79EFBC}") = "App.Infra.Data.Db.SqlServer.Ef", "App.Infra.Data.Db.SqlServer.Ef\App.Infra.Data.Db.SqlServer.Ef.csproj", "{69591DF7-C912-455B-8727-BFC87820623C}"
EndProject
Project("{FAE04EC0-301F-11D3-BF4B-00C04F79EFBC}") = "DwellMVC", "Dwell\DwellMVC.csproj", "{DA66DAC7-9FED-4ACA-9ABB-1F179C420B6B}"
EndProject
Project("{2150E333-8FDC-42A3-9474-1A3956D46DE8}") = "00-Framework", "00-Framework", "{BE563151-70C2-46AA-911D-13A2700DD3E7}"
EndProject
Project("{FAE04EC0-301F-11D3-BF4B-00C04F79EFBC}") = "App.Framework", "App.Framework\App.Framework.csproj", "{087B008D-0688-4BFF-8D46-3A6AB542B560}"
EndProject
Project("{FAE04EC0-301F-11D3-BF4B-00C04F79EFBC}") = "App.Domain.Services", "App.Domain.Services\App.Domain.Services.csproj", "{9727F5F7-1302-4BDA-BD73-0F157C9F2EEB}"
EndProject
Project("{FAE04EC0-301F-11D3-BF4B-00C04F79EFBC}") = "App.Domain.AppServices", "App.Domain.AppServices\App.Domain.AppServices.csproj", "{7F5C87DD-9AF8-4FB4-B497-18DF7C3C53FC}"
EndProject
Global
	GlobalSection(SolutionConfigurationPlatforms) = preSolution
		Debug|Any CPU = Debug|Any CPU
		Release|Any CPU = Release|Any CPU
	EndGlobalSection
	GlobalSection(ProjectConfigurationPlatforms) = postSolution
		{251CF542-3288-47B3-ADF6-6D71BFB9789D}.Debug|Any CPU.ActiveCfg = Debug|Any CPU
		{251CF542-3288-47B3-ADF6-6D71BFB9789D}.Debug|Any CPU.Build.0 = Debug|Any CPU
		{251CF542-3288-47B3-ADF6-6D71BFB9789D}.Release|Any CPU.ActiveCfg = Release|Any CPU
		{251CF542-3288-47B3-ADF6-6D71BFB9789D}.Release|Any CPU.Build.0 = Release|Any CPU
		{75A54E9B-35B8-4A64-8DBE-E3299D752A33}.Debug|Any CPU.ActiveCfg = Debug|Any CPU
		{75A54E9B-35B8-4A64-8DBE-E3299D752A33}.Debug|Any CPU.Build.0 = Debug|Any CPU
		{75A54E9B-35B8-4A64-8DBE-E3299D752A33}.Release|Any CPU.ActiveCfg = Release|Any CPU
		{75A54E9B-35B8-4A64-8DBE-E3299D752A33}.Release|Any CPU.Build.0 = Release|Any CPU
		{69591DF7-C912-455B-8727-BFC87820623C}.Debug|Any CPU.ActiveCfg = Debug|Any CPU
		{69591DF7-C912-455B-8727-BFC87820623C}.Debug|Any CPU.Build.0 = Debug|Any CPU
		{69591DF7-C912-455B-8727-BFC87820623C}.Release|Any CPU.ActiveCfg = Release|Any CPU
		{69591DF7-C912-455B-8727-BFC87820623C}.Release|Any CPU.Build.0 = Release|Any CPU
		{DA66DAC7-9FED-4ACA-9ABB-1F179C420B6B}.Debug|Any CPU.ActiveCfg = Debug|Any CPU
		{DA66DAC7-9FED-4ACA-9ABB-1F179C420B6B}.Debug|Any CPU.Build.0 = Debug|Any CPU
		{DA66DAC7-9FED-4ACA-9ABB-1F179C420B6B}.Release|Any CPU.ActiveCfg = Release|Any CPU
		{DA66DAC7-9FED-4ACA-9ABB-1F179C420B6B}.Release|Any CPU.Build.0 = Release|Any CPU
		{087B008D-0688-4BFF-8D46-3A6AB542B560}.Debug|Any CPU.ActiveCfg = Debug|Any CPU
		{087B008D-0688-4BFF-8D46-3A6AB542B560}.Debug|Any CPU.Build.0 = Debug|Any CPU
		{087B008D-0688-4BFF-8D46-3A6AB542B560}.Release|Any CPU.ActiveCfg = Release|Any CPU
		{087B008D-0688-4BFF-8D46-3A6AB542B560}.Release|Any CPU.Build.0 = Release|Any CPU
		{9727F5F7-1302-4BDA-BD73-0F157C9F2EEB}.Debug|Any CPU.ActiveCfg = Debug|Any CPU
		{9727F5F7-1302-4BDA-BD73-0F157C9F2EEB}.Debug|Any CPU.Build.0 = Debug|Any CPU
		{9727F5F7-1302-4BDA-BD73-0F157C9F2EEB}.Release|Any CPU.ActiveCfg = Release|Any CPU
		{9727F5F7-1302-4BDA-BD73-0F157C9F2EEB}.Release|Any CPU.Build.0 = Release|Any CPU
		{7F5C87DD-9AF8-4FB4-B497-18DF7C3C53FC}.Debug|Any CPU.ActiveCfg = Debug|Any CPU
		{7F5C87DD-9AF8-4FB4-B497-18DF7C3C53FC}.Debug|Any CPU.Build.0 = Debug|Any CPU
		{7F5C87DD-9AF8-4FB4-B497-18DF7C3C53FC}.Release|Any CPU.ActiveCfg = Release|Any CPU
		{7F5C87DD-9AF8-4FB4-B497-18DF7C3C53FC}.Release|Any CPU.Build.0 = Release|Any CPU
	EndGlobalSection
	GlobalSection(SolutionProperties) = preSolution
		HideSolutionNode = FALSE
	EndGlobalSection
	GlobalSection(NestedProjects) = preSolution
		{8C66D040-DED6-4C8E-98FF-5D0E63906620} = {B0F7A585-2695-46FA-A746-CC630A27D637}
		{35B7A2D0-CB53-4B67-B9A3-CDDB0702DFF4} = {B0F7A585-2695-46FA-A746-CC630A27D637}
		{BCC9D4AB-5580-4460-ABC4-3A3377C8402D} = {B0F7A585-2695-46FA-A746-CC630A27D637}
		{07388D31-9F6F-4C99-BFAE-5DB4958C27EA} = {8C66D040-DED6-4C8E-98FF-5D0E63906620}
		{AF743D1B-DB6E-484E-9BDC-59523E8F7434} = {8C66D040-DED6-4C8E-98FF-5D0E63906620}
		{84EC7D69-B240-4DE0-90A6-430EEA5CC01C} = {35B7A2D0-CB53-4B67-B9A3-CDDB0702DFF4}
		{E7908870-F7C4-4D58-AC04-5217B0F9E0AC} = {35B7A2D0-CB53-4B67-B9A3-CDDB0702DFF4}
		{251CF542-3288-47B3-ADF6-6D71BFB9789D} = {07388D31-9F6F-4C99-BFAE-5DB4958C27EA}
		{75A54E9B-35B8-4A64-8DBE-E3299D752A33} = {84EC7D69-B240-4DE0-90A6-430EEA5CC01C}
		{69591DF7-C912-455B-8727-BFC87820623C} = {E7908870-F7C4-4D58-AC04-5217B0F9E0AC}
		{DA66DAC7-9FED-4ACA-9ABB-1F179C420B6B} = {BCC9D4AB-5580-4460-ABC4-3A3377C8402D}
		{BE563151-70C2-46AA-911D-13A2700DD3E7} = {B0F7A585-2695-46FA-A746-CC630A27D637}
		{087B008D-0688-4BFF-8D46-3A6AB542B560} = {BE563151-70C2-46AA-911D-13A2700DD3E7}
		{9727F5F7-1302-4BDA-BD73-0F157C9F2EEB} = {AF743D1B-DB6E-484E-9BDC-59523E8F7434}
		{7F5C87DD-9AF8-4FB4-B497-18DF7C3C53FC} = {AF743D1B-DB6E-484E-9BDC-59523E8F7434}
	EndGlobalSection
	GlobalSection(ExtensibilityGlobals) = postSolution
		SolutionGuid = {17119896-A91A-400B-8D40-1FA703B9299B}
	EndGlobalSection
EndGlobal
